
Microsoft Visual Studio Solution File, Format Version 12.00
Project("{FAE04EC0-301F-11D3-BF4B-00C04F79EFBC}") = "CRM.Automation.Tests", "CRM.Automation.Tests\CRM.Automation.Tests.csproj", "{A752FD41-F734-44A9-8FE9-D988BA4AE683}"
EndProject
Project("{FAE04EC0-301F-11D3-BF4B-00C04F79EFBC}") = "CRM.Automation.Framework", "CRM.Automation.Framework\CRM.Automation.Framework.csproj", "{1CED0740-0406-4BC2-B214-2A1D896CD6D2}"
EndProject
Global
	GlobalSection(SolutionConfigurationPlatforms) = preSolution
		Debug|Any CPU = Debug|Any CPU
		Release|Any CPU = Release|Any CPU
	EndGlobalSection
	GlobalSection(ProjectConfigurationPlatforms) = postSolution
		{A752FD41-F734-44A9-8FE9-D988BA4AE683}.Debug|Any CPU.ActiveCfg = Debug|Any CPU
		{A752FD41-F734-44A9-8FE9-D988BA4AE683}.Debug|Any CPU.Build.0 = Debug|Any CPU
		{A752FD41-F734-44A9-8FE9-D988BA4AE683}.Release|Any CPU.ActiveCfg = Release|Any CPU
		{A752FD41-F734-44A9-8FE9-D988BA4AE683}.Release|Any CPU.Build.0 = Release|Any CPU
		{1CED0740-0406-4BC2-B214-2A1D896CD6D2}.Debug|Any CPU.ActiveCfg = Debug|Any CPU
		{1CED0740-0406-4BC2-B214-2A1D896CD6D2}.Debug|Any CPU.Build.0 = Debug|Any CPU
		{1CED0740-0406-4BC2-B214-2A1D896CD6D2}.Release|Any CPU.ActiveCfg = Release|Any CPU
		{1CED0740-0406-4BC2-B214-2A1D896CD6D2}.Release|Any CPU.Build.0 = Release|Any CPU
	EndGlobalSection
EndGlobal
